
Microsoft Visual Studio Solution File, Format Version 12.00
# Visual Studio Version 17
VisualStudioVersion = 17.11.35327.3
MinimumVisualStudioVersion = 10.0.40219.1
Project("{FAE04EC0-301F-11D3-BF4B-00C04F79EFBC}") = "Appliance", "Appliance.csproj", "{CDF84870-CBA6-4ADC-9FC0-5195F86CD480}"
EndProject
Global
	GlobalSection(SolutionConfigurationPlatforms) = preSolution
		Debug|Any CPU = Debug|Any CPU
		Release|Any CPU = Release|Any CPU
	EndGlobalSection
	GlobalSection(ProjectConfigurationPlatforms) = postSolution
		{CDF84870-CBA6-4ADC-9FC0-5195F86CD480}.Debug|Any CPU.ActiveCfg = Debug|Any CPU
		{CDF84870-CBA6-4ADC-9FC0-5195F86CD480}.Debug|Any CPU.Build.0 = Debug|Any CPU
		{CDF84870-CBA6-4ADC-9FC0-5195F86CD480}.Release|Any CPU.ActiveCfg = Release|Any CPU
		{CDF84870-CBA6-4ADC-9FC0-5195F86CD480}.Release|Any CPU.Build.0 = Release|Any CPU
	EndGlobalSection
	GlobalSection(SolutionProperties) = preSolution
		HideSolutionNode = FALSE
	EndGlobalSection
	GlobalSection(ExtensibilityGlobals) = postSolution
		SolutionGuid = {6EFF8F08-A4EF-4A78-B0B2-58909B651521}
	EndGlobalSection
EndGlobal
